// !$*UTF8*$!
{
	archiveVersion = 1;
	classes = {
	};
	objectVersion = 52;
	objects = {

/* Begin PBXBuildFile section */
		67656BF2270A6C7700999488 /* AppDelegate.swift in Sources */ = {isa = PBXBuildFile; fileRef = 67656BF1270A6C7700999488 /* AppDelegate.swift */; };
		67656BF4270A6C7700999488 /* SceneDelegate.swift in Sources */ = {isa = PBXBuildFile; fileRef = 67656BF3270A6C7700999488 /* SceneDelegate.swift */; };
		67656BF6270A6C7700999488 /* DashboardViewController.swift in Sources */ = {isa = PBXBuildFile; fileRef = 67656BF5270A6C7700999488 /* DashboardViewController.swift */; };
		67656BF9270A6C7700999488 /* Main.storyboard in Resources */ = {isa = PBXBuildFile; fileRef = 67656BF7270A6C7700999488 /* Main.storyboard */; };
		67656BFB270A6C7800999488 /* Assets.xcassets in Resources */ = {isa = PBXBuildFile; fileRef = 67656BFA270A6C7800999488 /* Assets.xcassets */; };
		67656BFE270A6C7800999488 /* LaunchScreen.storyboard in Resources */ = {isa = PBXBuildFile; fileRef = 67656BFC270A6C7800999488 /* LaunchScreen.storyboard */; };
		67656C07270A6EE900999488 /* Alamofire in Frameworks */ = {isa = PBXBuildFile; productRef = 67656C06270A6EE900999488 /* Alamofire */; };
		67656C0E270A75A900999488 /* NutritionixClient.swift in Sources */ = {isa = PBXBuildFile; fileRef = 67656C0D270A75A900999488 /* NutritionixClient.swift */; };
		67656C11270A974C00999488 /* SettingsViewController.swift in Sources */ = {isa = PBXBuildFile; fileRef = 67656C10270A974C00999488 /* SettingsViewController.swift */; };
		67656C13270A975F00999488 /* SearchViewController.swift in Sources */ = {isa = PBXBuildFile; fileRef = 67656C12270A975F00999488 /* SearchViewController.swift */; };
/* End PBXBuildFile section */

/* Begin PBXFileReference section */
		67656BEE270A6C7700999488 /* HealthyLivingTracker.app */ = {isa = PBXFileReference; explicitFileType = wrapper.application; includeInIndex = 0; path = HealthyLivingTracker.app; sourceTree = BUILT_PRODUCTS_DIR; };
		67656BF1270A6C7700999488 /* AppDelegate.swift */ = {isa = PBXFileReference; lastKnownFileType = sourcecode.swift; path = AppDelegate.swift; sourceTree = "<group>"; };
		67656BF3270A6C7700999488 /* SceneDelegate.swift */ = {isa = PBXFileReference; lastKnownFileType = sourcecode.swift; path = SceneDelegate.swift; sourceTree = "<group>"; };
		67656BF5270A6C7700999488 /* DashboardViewController.swift */ = {isa = PBXFileReference; lastKnownFileType = sourcecode.swift; path = DashboardViewController.swift; sourceTree = "<group>"; };
		67656BF8270A6C7700999488 /* Base */ = {isa = PBXFileReference; lastKnownFileType = file.storyboard; name = Base; path = Base.lproj/Main.storyboard; sourceTree = "<group>"; };
		67656BFA270A6C7800999488 /* Assets.xcassets */ = {isa = PBXFileReference; lastKnownFileType = folder.assetcatalog; path = Assets.xcassets; sourceTree = "<group>"; };
		67656BFD270A6C7800999488 /* Base */ = {isa = PBXFileReference; lastKnownFileType = file.storyboard; name = Base; path = Base.lproj/LaunchScreen.storyboard; sourceTree = "<group>"; };
		67656BFF270A6C7800999488 /* Info.plist */ = {isa = PBXFileReference; lastKnownFileType = text.plist.xml; path = Info.plist; sourceTree = "<group>"; };
		67656C0D270A75A900999488 /* NutritionixClient.swift */ = {isa = PBXFileReference; lastKnownFileType = sourcecode.swift; path = NutritionixClient.swift; sourceTree = "<group>"; };
		67656C10270A974C00999488 /* SettingsViewController.swift */ = {isa = PBXFileReference; lastKnownFileType = sourcecode.swift; path = SettingsViewController.swift; sourceTree = "<group>"; };
		67656C12270A975F00999488 /* SearchViewController.swift */ = {isa = PBXFileReference; lastKnownFileType = sourcecode.swift; path = SearchViewController.swift; sourceTree = "<group>"; };
/* End PBXFileReference section */

/* Begin PBXFrameworksBuildPhase section */
		67656BEB270A6C7700999488 /* Frameworks */ = {
			isa = PBXFrameworksBuildPhase;
			buildActionMask = 2147483647;
			files = (
				67656C07270A6EE900999488 /* Alamofire in Frameworks */,
			);
			runOnlyForDeploymentPostprocessing = 0;
		};
/* End PBXFrameworksBuildPhase section */

/* Begin PBXGroup section */
		67656BE5270A6C7700999488 = {
			isa = PBXGroup;
			children = (
				67656BF0270A6C7700999488 /* HealthyLivingTracker */,
				67656BEF270A6C7700999488 /* Products */,
			);
			sourceTree = "<group>";
		};
		67656BEF270A6C7700999488 /* Products */ = {
			isa = PBXGroup;
			children = (
				67656BEE270A6C7700999488 /* HealthyLivingTracker.app */,
			);
			name = Products;
			sourceTree = "<group>";
		};
		67656BF0270A6C7700999488 /* HealthyLivingTracker */ = {
			isa = PBXGroup;
			children = (
				67656C0C270A754F00999488 /* Networking */,
				67656C0B270A6F4A00999488 /* SupportingFiles */,
				67656C0A270A6F2D00999488 /* Model */,
				67656C09270A6F1400999488 /* ViewController */,
				67656C08270A6EFA00999488 /* Extensions */,
				67656C0F270A791200999488 /* View */,
			);
			path = HealthyLivingTracker;
			sourceTree = "<group>";
		};
		67656C08270A6EFA00999488 /* Extensions */ = {
			isa = PBXGroup;
			children = (
			);
			path = Extensions;
			sourceTree = "<group>";
		};
		67656C09270A6F1400999488 /* ViewController */ = {
			isa = PBXGroup;
			children = (
				67656BF5270A6C7700999488 /* DashboardViewController.swift */,
				67656C10270A974C00999488 /* SettingsViewController.swift */,
				67656C12270A975F00999488 /* SearchViewController.swift */,
			);
			path = ViewController;
			sourceTree = "<group>";
		};
		67656C0A270A6F2D00999488 /* Model */ = {
			isa = PBXGroup;
			children = (
			);
			path = Model;
			sourceTree = "<group>";
		};
		67656C0B270A6F4A00999488 /* SupportingFiles */ = {
			isa = PBXGroup;
			children = (
				67656BF1270A6C7700999488 /* AppDelegate.swift */,
				67656BF3270A6C7700999488 /* SceneDelegate.swift */,
				67656BFF270A6C7800999488 /* Info.plist */,
			);
			path = SupportingFiles;
			sourceTree = "<group>";
		};
		67656C0C270A754F00999488 /* Networking */ = {
			isa = PBXGroup;
			children = (
				67656C0D270A75A900999488 /* NutritionixClient.swift */,
			);
			path = Networking;
			sourceTree = "<group>";
		};
		67656C0F270A791200999488 /* View */ = {
			isa = PBXGroup;
			children = (
				67656BF7270A6C7700999488 /* Main.storyboard */,
				67656BFC270A6C7800999488 /* LaunchScreen.storyboard */,
				67656BFA270A6C7800999488 /* Assets.xcassets */,
			);
			path = View;
			sourceTree = "<group>";
		};
/* End PBXGroup section */

/* Begin PBXNativeTarget section */
		67656BED270A6C7700999488 /* HealthyLivingTracker */ = {
			isa = PBXNativeTarget;
			buildConfigurationList = 67656C02270A6C7800999488 /* Build configuration list for PBXNativeTarget "HealthyLivingTracker" */;
			buildPhases = (
				67656BEA270A6C7700999488 /* Sources */,
				67656BEB270A6C7700999488 /* Frameworks */,
				67656BEC270A6C7700999488 /* Resources */,
			);
			buildRules = (
			);
			dependencies = (
			);
			name = HealthyLivingTracker;
			packageProductDependencies = (
				67656C06270A6EE900999488 /* Alamofire */,
			);
			productName = HealthyLivingTracker;
			productReference = 67656BEE270A6C7700999488 /* HealthyLivingTracker.app */;
			productType = "com.apple.product-type.application";
		};
/* End PBXNativeTarget section */

/* Begin PBXProject section */
		67656BE6270A6C7700999488 /* Project object */ = {
			isa = PBXProject;
			attributes = {
				LastSwiftUpdateCheck = 1250;
				LastUpgradeCheck = 1250;
				TargetAttributes = {
					67656BED270A6C7700999488 = {
						CreatedOnToolsVersion = 12.5.1;
					};
				};
			};
			buildConfigurationList = 67656BE9270A6C7700999488 /* Build configuration list for PBXProject "HealthyLivingTracker" */;
			compatibilityVersion = "Xcode 9.3";
			developmentRegion = en;
			hasScannedForEncodings = 0;
			knownRegions = (
				en,
				Base,
			);
			mainGroup = 67656BE5270A6C7700999488;
			packageReferences = (
				67656C05270A6EE900999488 /* XCRemoteSwiftPackageReference "Alamofire" */,
			);
			productRefGroup = 67656BEF270A6C7700999488 /* Products */;
			projectDirPath = "";
			projectRoot = "";
			targets = (
				67656BED270A6C7700999488 /* HealthyLivingTracker */,
			);
		};
/* End PBXProject section */

/* Begin PBXResourcesBuildPhase section */
		67656BEC270A6C7700999488 /* Resources */ = {
			isa = PBXResourcesBuildPhase;
			buildActionMask = 2147483647;
			files = (
				67656BFE270A6C7800999488 /* LaunchScreen.storyboard in Resources */,
				67656BFB270A6C7800999488 /* Assets.xcassets in Resources */,
				67656BF9270A6C7700999488 /* Main.storyboard in Resources */,
			);
			runOnlyForDeploymentPostprocessing = 0;
		};
/* End PBXResourcesBuildPhase section */

/* Begin PBXSourcesBuildPhase section */
		67656BEA270A6C7700999488 /* Sources */ = {
			isa = PBXSourcesBuildPhase;
			buildActionMask = 2147483647;
			files = (
				67656C13270A975F00999488 /* SearchViewController.swift in Sources */,
				67656BF6270A6C7700999488 /* DashboardViewController.swift in Sources */,
				67656BF2270A6C7700999488 /* AppDelegate.swift in Sources */,
				67656C0E270A75A900999488 /* NutritionixClient.swift in Sources */,
				67656C11270A974C00999488 /* SettingsViewController.swift in Sources */,
				67656BF4270A6C7700999488 /* SceneDelegate.swift in Sources */,
			);
			runOnlyForDeploymentPostprocessing = 0;
		};
/* End PBXSourcesBuildPhase section */

/* Begin PBXVariantGroup section */
		67656BF7270A6C7700999488 /* Main.storyboard */ = {
			isa = PBXVariantGroup;
			children = (
				67656BF8270A6C7700999488 /* Base */,
			);
			name = Main.storyboard;
			sourceTree = "<group>";
		};
		67656BFC270A6C7800999488 /* LaunchScreen.storyboard */ = {
			isa = PBXVariantGroup;
			children = (
				67656BFD270A6C7800999488 /* Base */,
			);
			name = LaunchScreen.storyboard;
			sourceTree = "<group>";
		};
/* End PBXVariantGroup section */

/* Begin XCBuildConfiguration section */
		67656C00270A6C7800999488 /* Debug */ = {
			isa = XCBuildConfiguration;
			buildSettings = {
				ALWAYS_SEARCH_USER_PATHS = NO;
				CLANG_ANALYZER_NONNULL = YES;
				CLANG_ANALYZER_NUMBER_OBJECT_CONVERSION = YES_AGGRESSIVE;
				CLANG_CXX_LANGUAGE_STANDARD = "gnu++14";
				CLANG_CXX_LIBRARY = "libc++";
				CLANG_ENABLE_MODULES = YES;
				CLANG_ENABLE_OBJC_ARC = YES;
				CLANG_ENABLE_OBJC_WEAK = YES;
				CLANG_WARN_BLOCK_CAPTURE_AUTORELEASING = YES;
				CLANG_WARN_BOOL_CONVERSION = YES;
				CLANG_WARN_COMMA = YES;
				CLANG_WARN_CONSTANT_CONVERSION = YES;
				CLANG_WARN_DEPRECATED_OBJC_IMPLEMENTATIONS = YES;
				CLANG_WARN_DIRECT_OBJC_ISA_USAGE = YES_ERROR;
				CLANG_WARN_DOCUMENTATION_COMMENTS = YES;
				CLANG_WARN_EMPTY_BODY = YES;
				CLANG_WARN_ENUM_CONVERSION = YES;
				CLANG_WARN_INFINITE_RECURSION = YES;
				CLANG_WARN_INT_CONVERSION = YES;
				CLANG_WARN_NON_LITERAL_NULL_CONVERSION = YES;
				CLANG_WARN_OBJC_IMPLICIT_RETAIN_SELF = YES;
				CLANG_WARN_OBJC_LITERAL_CONVERSION = YES;
				CLANG_WARN_OBJC_ROOT_CLASS = YES_ERROR;
				CLANG_WARN_QUOTED_INCLUDE_IN_FRAMEWORK_HEADER = YES;
				CLANG_WARN_RANGE_LOOP_ANALYSIS = YES;
				CLANG_WARN_STRICT_PROTOTYPES = YES;
				CLANG_WARN_SUSPICIOUS_MOVE = YES;
				CLANG_WARN_UNGUARDED_AVAILABILITY = YES_AGGRESSIVE;
				CLANG_WARN_UNREACHABLE_CODE = YES;
				CLANG_WARN__DUPLICATE_METHOD_MATCH = YES;
				COPY_PHASE_STRIP = NO;
				DEBUG_INFORMATION_FORMAT = dwarf;
				ENABLE_STRICT_OBJC_MSGSEND = YES;
				ENABLE_TESTABILITY = YES;
				GCC_C_LANGUAGE_STANDARD = gnu11;
				GCC_DYNAMIC_NO_PIC = NO;
				GCC_NO_COMMON_BLOCKS = YES;
				GCC_OPTIMIZATION_LEVEL = 0;
				GCC_PREPROCESSOR_DEFINITIONS = (
					"DEBUG=1",
					"$(inherited)",
				);
				GCC_WARN_64_TO_32_BIT_CONVERSION = YES;
				GCC_WARN_ABOUT_RETURN_TYPE = YES_ERROR;
				GCC_WARN_UNDECLARED_SELECTOR = YES;
				GCC_WARN_UNINITIALIZED_AUTOS = YES_AGGRESSIVE;
				GCC_WARN_UNUSED_FUNCTION = YES;
				GCC_WARN_UNUSED_VARIABLE = YES;
				IPHONEOS_DEPLOYMENT_TARGET = 14.5;
				MTL_ENABLE_DEBUG_INFO = INCLUDE_SOURCE;
				MTL_FAST_MATH = YES;
				ONLY_ACTIVE_ARCH = YES;
				SDKROOT = iphoneos;
				SWIFT_ACTIVE_COMPILATION_CONDITIONS = DEBUG;
				SWIFT_OPTIMIZATION_LEVEL = "-Onone";
			};
			name = Debug;
		};
		67656C01270A6C7800999488 /* Release */ = {
			isa = XCBuildConfiguration;
			buildSettings = {
				ALWAYS_SEARCH_USER_PATHS = NO;
				CLANG_ANALYZER_NONNULL = YES;
				CLANG_ANALYZER_NUMBER_OBJECT_CONVERSION = YES_AGGRESSIVE;
				CLANG_CXX_LANGUAGE_STANDARD = "gnu++14";
				CLANG_CXX_LIBRARY = "libc++";
				CLANG_ENABLE_MODULES = YES;
				CLANG_ENABLE_OBJC_ARC = YES;
				CLANG_ENABLE_OBJC_WEAK = YES;
				CLANG_WARN_BLOCK_CAPTURE_AUTORELEASING = YES;
				CLANG_WARN_BOOL_CONVERSION = YES;
				CLANG_WARN_COMMA = YES;
				CLANG_WARN_CONSTANT_CONVERSION = YES;
				CLANG_WARN_DEPRECATED_OBJC_IMPLEMENTATIONS = YES;
				CLANG_WARN_DIRECT_OBJC_ISA_USAGE = YES_ERROR;
				CLANG_WARN_DOCUMENTATION_COMMENTS = YES;
				CLANG_WARN_EMPTY_BODY = YES;
				CLANG_WARN_ENUM_CONVERSION = YES;
				CLANG_WARN_INFINITE_RECURSION = YES;
				CLANG_WARN_INT_CONVERSION = YES;
				CLANG_WARN_NON_LITERAL_NULL_CONVERSION = YES;
				CLANG_WARN_OBJC_IMPLICIT_RETAIN_SELF = YES;
				CLANG_WARN_OBJC_LITERAL_CONVERSION = YES;
				CLANG_WARN_OBJC_ROOT_CLASS = YES_ERROR;
				CLANG_WARN_QUOTED_INCLUDE_IN_FRAMEWORK_HEADER = YES;
				CLANG_WARN_RANGE_LOOP_ANALYSIS = YES;
				CLANG_WARN_STRICT_PROTOTYPES = YES;
				CLANG_WARN_SUSPICIOUS_MOVE = YES;
				CLANG_WARN_UNGUARDED_AVAILABILITY = YES_AGGRESSIVE;
				CLANG_WARN_UNREACHABLE_CODE = YES;
				CLANG_WARN__DUPLICATE_METHOD_MATCH = YES;
				COPY_PHASE_STRIP = NO;
				DEBUG_INFORMATION_FORMAT = "dwarf-with-dsym";
				ENABLE_NS_ASSERTIONS = NO;
				ENABLE_STRICT_OBJC_MSGSEND = YES;
				GCC_C_LANGUAGE_STANDARD = gnu11;
				GCC_NO_COMMON_BLOCKS = YES;
				GCC_WARN_64_TO_32_BIT_CONVERSION = YES;
				GCC_WARN_ABOUT_RETURN_TYPE = YES_ERROR;
				GCC_WARN_UNDECLARED_SELECTOR = YES;
				GCC_WARN_UNINITIALIZED_AUTOS = YES_AGGRESSIVE;
				GCC_WARN_UNUSED_FUNCTION = YES;
				GCC_WARN_UNUSED_VARIABLE = YES;
				IPHONEOS_DEPLOYMENT_TARGET = 14.5;
				MTL_ENABLE_DEBUG_INFO = NO;
				MTL_FAST_MATH = YES;
				SDKROOT = iphoneos;
				SWIFT_COMPILATION_MODE = wholemodule;
				SWIFT_OPTIMIZATION_LEVEL = "-O";
				VALIDATE_PRODUCT = YES;
			};
			name = Release;
		};
		67656C03270A6C7800999488 /* Debug */ = {
			isa = XCBuildConfiguration;
			buildSettings = {
				ASSETCATALOG_COMPILER_APPICON_NAME = AppIcon;
				ASSETCATALOG_COMPILER_GLOBAL_ACCENT_COLOR_NAME = AccentColor;
				CODE_SIGN_STYLE = Automatic;
				DEVELOPMENT_TEAM = T2A2NXUESB;
				INFOPLIST_FILE = HealthyLivingTracker/Info.plist;
				LD_RUNPATH_SEARCH_PATHS = (
					"$(inherited)",
					"@executable_path/Frameworks",
				);
				PRODUCT_BUNDLE_IDENTIFIER = com.sophialu.HealthyLivingTracker;
				PRODUCT_NAME = "$(TARGET_NAME)";
				SWIFT_VERSION = 5.0;
				TARGETED_DEVICE_FAMILY = "1,2";
			};
			name = Debug;
		};
		67656C04270A6C7800999488 /* Release */ = {
			isa = XCBuildConfiguration;
			buildSettings = {
				ASSETCATALOG_COMPILER_APPICON_NAME = AppIcon;
				ASSETCATALOG_COMPILER_GLOBAL_ACCENT_COLOR_NAME = AccentColor;
				CODE_SIGN_STYLE = Automatic;
				DEVELOPMENT_TEAM = T2A2NXUESB;
				INFOPLIST_FILE = HealthyLivingTracker/Info.plist;
				LD_RUNPATH_SEARCH_PATHS = (
					"$(inherited)",
					"@executable_path/Frameworks",
				);
				PRODUCT_BUNDLE_IDENTIFIER = com.sophialu.HealthyLivingTracker;
				PRODUCT_NAME = "$(TARGET_NAME)";
				SWIFT_VERSION = 5.0;
				TARGETED_DEVICE_FAMILY = "1,2";
			};
			name = Release;
		};
/* End XCBuildConfiguration section */

/* Begin XCConfigurationList section */
		67656BE9270A6C7700999488 /* Build configuration list for PBXProject "HealthyLivingTracker" */ = {
			isa = XCConfigurationList;
			buildConfigurations = (
				67656C00270A6C7800999488 /* Debug */,
				67656C01270A6C7800999488 /* Release */,
			);
			defaultConfigurationIsVisible = 0;
			defaultConfigurationName = Release;
		};
		67656C02270A6C7800999488 /* Build configuration list for PBXNativeTarget "HealthyLivingTracker" */ = {
			isa = XCConfigurationList;
			buildConfigurations = (
				67656C03270A6C7800999488 /* Debug */,
				67656C04270A6C7800999488 /* Release */,
			);
			defaultConfigurationIsVisible = 0;
			defaultConfigurationName = Release;
		};
/* End XCConfigurationList section */

/* Begin XCRemoteSwiftPackageReference section */
		67656C05270A6EE900999488 /* XCRemoteSwiftPackageReference "Alamofire" */ = {
			isa = XCRemoteSwiftPackageReference;
			repositoryURL = "https://github.com/Alamofire/Alamofire.git";
			requirement = {
				kind = upToNextMajorVersion;
				minimumVersion = 5.4.4;
			};
		};
/* End XCRemoteSwiftPackageReference section */

/* Begin XCSwiftPackageProductDependency section */
		67656C06270A6EE900999488 /* Alamofire */ = {
			isa = XCSwiftPackageProductDependency;
			package = 67656C05270A6EE900999488 /* XCRemoteSwiftPackageReference "Alamofire" */;
			productName = Alamofire;
		};
/* End XCSwiftPackageProductDependency section */
	};
	rootObject = 67656BE6270A6C7700999488 /* Project object */;
}
